
Microsoft Visual Studio Solution File, Format Version 12.00
# Visual Studio Version 17
VisualStudioVersion = 17.0.32126.317
MinimumVisualStudioVersion = 10.0.40219.1
Project("{FAE04EC0-301F-11D3-BF4B-00C04F79EFBC}") = "OOP1", "OOP1\OOP1.csproj", "{962C4A1C-B5DA-4C81-8280-D00A4AD94E93}"
EndProject
Global
	GlobalSection(SolutionConfigurationPlatforms) = preSolution
		Debug|Any CPU = Debug|Any CPU
		Release|Any CPU = Release|Any CPU
	EndGlobalSection
	GlobalSection(ProjectConfigurationPlatforms) = postSolution
		{962C4A1C-B5DA-4C81-8280-D00A4AD94E93}.Debug|Any CPU.ActiveCfg = Debug|Any CPU
		{962C4A1C-B5DA-4C81-8280-D00A4AD94E93}.Debug|Any CPU.Build.0 = Debug|Any CPU
		{962C4A1C-B5DA-4C81-8280-D00A4AD94E93}.Release|Any CPU.ActiveCfg = Release|Any CPU
		{962C4A1C-B5DA-4C81-8280-D00A4AD94E93}.Release|Any CPU.Build.0 = Release|Any CPU
	EndGlobalSection
	GlobalSection(SolutionProperties) = preSolution
		HideSolutionNode = FALSE
	EndGlobalSection
	GlobalSection(ExtensibilityGlobals) = postSolution
		SolutionGuid = {A9886035-C641-4E23-9445-10AF7A0BCDB4}
	EndGlobalSection
EndGlobal
